
Microsoft Visual Studio Solution File, Format Version 12.00
# Visual Studio Version 16
VisualStudioVersion = 16.0.30413.136
MinimumVisualStudioVersion = 10.0.40219.1
Project("{FAE04EC0-301F-11D3-BF4B-00C04F79EFBC}") = "SearchEGRUL_v2", "SearchEGRUL_v2.csproj", "{166EC116-2797-4E52-8538-F59C62E352C2}"
EndProject
Global
	GlobalSection(SolutionConfigurationPlatforms) = preSolution
		Debug|Any CPU = Debug|Any CPU
		Release|Any CPU = Release|Any CPU
	EndGlobalSection
	GlobalSection(ProjectConfigurationPlatforms) = postSolution
		{166EC116-2797-4E52-8538-F59C62E352C2}.Debug|Any CPU.ActiveCfg = Debug|Any CPU
		{166EC116-2797-4E52-8538-F59C62E352C2}.Debug|Any CPU.Build.0 = Debug|Any CPU
		{166EC116-2797-4E52-8538-F59C62E352C2}.Release|Any CPU.ActiveCfg = Release|Any CPU
		{166EC116-2797-4E52-8538-F59C62E352C2}.Release|Any CPU.Build.0 = Release|Any CPU
	EndGlobalSection
	GlobalSection(SolutionProperties) = preSolution
		HideSolutionNode = FALSE
	EndGlobalSection
	GlobalSection(ExtensibilityGlobals) = postSolution
		SolutionGuid = {FCAD407C-2139-46E0-8323-8C8D21E89937}
	EndGlobalSection
EndGlobal
